{
    "_readme": [
        "This file locks the dependencies of your project to a known state",
        "Read more about it at https://getcomposer.org/doc/01-basic-usage.md#composer-lock-the-lock-file",
        "This file is @generated automatically"
    ],
    "hash": "6f4e0ebde4d3b282bfe8097414a0e787",
    "content-hash": "1356226a18a75fe9ec08328a2f553a59",
    "packages": [
        {
            "name": "artoodetoo/container",
            "version": "dev-visman",
            "source": {
                "type": "git",
                "url": "https://github.com/MioVisman/container.git",
                "reference": "3ab08b97674dff417f36783c9e054c25540171d3"
            },
            "dist": {
                "type": "zip",
                "url": "https://api.github.com/repos/MioVisman/container/zipball/3ab08b97674dff417f36783c9e054c25540171d3",
                "reference": "3ab08b97674dff417f36783c9e054c25540171d3",
                "shasum": ""
            },
            "require": {
                "php": ">=5.6"
            },
            "type": "library",
            "autoload": {
                "psr-4": {
                    "R2\\DependencyInjection\\": "src/"
                }
            },
            "license": [
                "MIT"
            ],
            "authors": [
                {
                    "name": "artoodetoo"
                }
            ],
            "description": "Yet another service container",
            "keywords": [
                "container",
                "service"
            ],
            "support": {
                "source": "https://github.com/MioVisman/container/tree/visman"
            },
            "time": "2017-01-11 15:15:38"
        }
    ],
    "packages-dev": [],
    "aliases": [],
    "minimum-stability": "stable",
    "stability-flags": {
        "artoodetoo/container": 20
    },
    "prefer-stable": false,
    "prefer-lowest": false,
    "platform": {
        "php": ">=5.6.0"
    },
    "platform-dev": []
}
